
Microsoft Visual Studio Solution File, Format Version 12.00
# Visual Studio 15
VisualStudioVersion = 15.0.28010.2046
MinimumVisualStudioVersion = 10.0.40219.1
Project("{FAE04EC0-301F-11D3-BF4B-00C04F79EFBC}") = "bmi.Android", "bmi\bmi.Android\bmi.Android.csproj", "{C4CC43B6-F4A6-44C9-82ED-2292221174AA}"
EndProject
Project("{FAE04EC0-301F-11D3-BF4B-00C04F79EFBC}") = "bmi.iOS", "bmi\bmi.iOS\bmi.iOS.csproj", "{8BA52CB0-CE28-4F40-AFC9-A3709E5E1B74}"
EndProject
Project("{FAE04EC0-301F-11D3-BF4B-00C04F79EFBC}") = "bmi", "bmi\bmi\bmi.csproj", "{752590CB-373B-42A2-8483-24E3E01D72BD}"
EndProject
Global
	GlobalSection(SolutionConfigurationPlatforms) = preSolution
		Ad-Hoc|Any CPU = Ad-Hoc|Any CPU
		Ad-Hoc|iPhone = Ad-Hoc|iPhone
		Ad-Hoc|iPhoneSimulator = Ad-Hoc|iPhoneSimulator
		AppStore|Any CPU = AppStore|Any CPU
		AppStore|iPhone = AppStore|iPhone
		AppStore|iPhoneSimulator = AppStore|iPhoneSimulator
		Debug|Any CPU = Debug|Any CPU
		Debug|iPhone = Debug|iPhone
		Debug|iPhoneSimulator = Debug|iPhoneSimulator
		Release|Any CPU = Release|Any CPU
		Release|iPhone = Release|iPhone
		Release|iPhoneSimulator = Release|iPhoneSimulator
	EndGlobalSection
	GlobalSection(ProjectConfigurationPlatforms) = postSolution
		{C4CC43B6-F4A6-44C9-82ED-2292221174AA}.Ad-Hoc|Any CPU.ActiveCfg = Release|Any CPU
		{C4CC43B6-F4A6-44C9-82ED-2292221174AA}.Ad-Hoc|Any CPU.Build.0 = Release|Any CPU
		{C4CC43B6-F4A6-44C9-82ED-2292221174AA}.Ad-Hoc|Any CPU.Deploy.0 = Release|Any CPU
		{C4CC43B6-F4A6-44C9-82ED-2292221174AA}.Ad-Hoc|iPhone.ActiveCfg = Release|Any CPU
		{C4CC43B6-F4A6-44C9-82ED-2292221174AA}.Ad-Hoc|iPhone.Build.0 = Release|Any CPU
		{C4CC43B6-F4A6-44C9-82ED-2292221174AA}.Ad-Hoc|iPhone.Deploy.0 = Release|Any CPU
		{C4CC43B6-F4A6-44C9-82ED-2292221174AA}.Ad-Hoc|iPhoneSimulator.ActiveCfg = Release|Any CPU
		{C4CC43B6-F4A6-44C9-82ED-2292221174AA}.Ad-Hoc|iPhoneSimulator.Build.0 = Release|Any CPU
		{C4CC43B6-F4A6-44C9-82ED-2292221174AA}.Ad-Hoc|iPhoneSimulator.Deploy.0 = Release|Any CPU
		{C4CC43B6-F4A6-44C9-82ED-2292221174AA}.AppStore|Any CPU.ActiveCfg = Release|Any CPU
		{C4CC43B6-F4A6-44C9-82ED-2292221174AA}.AppStore|Any CPU.Build.0 = Release|Any CPU
		{C4CC43B6-F4A6-44C9-82ED-2292221174AA}.AppStore|Any CPU.Deploy.0 = Release|Any CPU
		{C4CC43B6-F4A6-44C9-82ED-2292221174AA}.AppStore|iPhone.ActiveCfg = Release|Any CPU
		{C4CC43B6-F4A6-44C9-82ED-2292221174AA}.AppStore|iPhone.Build.0 = Release|Any CPU
		{C4CC43B6-F4A6-44C9-82ED-2292221174AA}.AppStore|iPhone.Deploy.0 = Release|Any CPU
		{C4CC43B6-F4A6-44C9-82ED-2292221174AA}.AppStore|iPhoneSimulator.ActiveCfg = Release|Any CPU
		{C4CC43B6-F4A6-44C9-82ED-2292221174AA}.AppStore|iPhoneSimulator.Build.0 = Release|Any CPU
		{C4CC43B6-F4A6-44C9-82ED-2292221174AA}.AppStore|iPhoneSimulator.Deploy.0 = Release|Any CPU
		{C4CC43B6-F4A6-44C9-82ED-2292221174AA}.Debug|Any CPU.ActiveCfg = Debug|Any CPU
		{C4CC43B6-F4A6-44C9-82ED-2292221174AA}.Debug|Any CPU.Build.0 = Debug|Any CPU
		{C4CC43B6-F4A6-44C9-82ED-2292221174AA}.Debug|Any CPU.Deploy.0 = Debug|Any CPU
		{C4CC43B6-F4A6-44C9-82ED-2292221174AA}.Debug|iPhone.ActiveCfg = Debug|Any CPU
		{C4CC43B6-F4A6-44C9-82ED-2292221174AA}.Debug|iPhone.Build.0 = Debug|Any CPU
		{C4CC43B6-F4A6-44C9-82ED-2292221174AA}.Debug|iPhone.Deploy.0 = Debug|Any CPU
		{C4CC43B6-F4A6-44C9-82ED-2292221174AA}.Debug|iPhoneSimulator.ActiveCfg = Debug|Any CPU
		{C4CC43B6-F4A6-44C9-82ED-2292221174AA}.Debug|iPhoneSimulator.Build.0 = Debug|Any CPU
		{C4CC43B6-F4A6-44C9-82ED-2292221174AA}.Debug|iPhoneSimulator.Deploy.0 = Debug|Any CPU
		{C4CC43B6-F4A6-44C9-82ED-2292221174AA}.Release|Any CPU.ActiveCfg = Release|Any CPU
		{C4CC43B6-F4A6-44C9-82ED-2292221174AA}.Release|Any CPU.Build.0 = Release|Any CPU
		{C4CC43B6-F4A6-44C9-82ED-2292221174AA}.Release|Any CPU.Deploy.0 = Release|Any CPU
		{C4CC43B6-F4A6-44C9-82ED-2292221174AA}.Release|iPhone.ActiveCfg = Release|Any CPU
		{C4CC43B6-F4A6-44C9-82ED-2292221174AA}.Release|iPhone.Build.0 = Release|Any CPU
		{C4CC43B6-F4A6-44C9-82ED-2292221174AA}.Release|iPhone.Deploy.0 = Release|Any CPU
		{C4CC43B6-F4A6-44C9-82ED-2292221174AA}.Release|iPhoneSimulator.ActiveCfg = Release|Any CPU
		{C4CC43B6-F4A6-44C9-82ED-2292221174AA}.Release|iPhoneSimulator.Build.0 = Release|Any CPU
		{C4CC43B6-F4A6-44C9-82ED-2292221174AA}.Release|iPhoneSimulator.Deploy.0 = Release|Any CPU
		{8BA52CB0-CE28-4F40-AFC9-A3709E5E1B74}.Ad-Hoc|Any CPU.ActiveCfg = Ad-Hoc|iPhone
		{8BA52CB0-CE28-4F40-AFC9-A3709E5E1B74}.Ad-Hoc|Any CPU.Build.0 = Ad-Hoc|iPhone
		{8BA52CB0-CE28-4F40-AFC9-A3709E5E1B74}.Ad-Hoc|Any CPU.Deploy.0 = Ad-Hoc|iPhone
		{8BA52CB0-CE28-4F40-AFC9-A3709E5E1B74}.Ad-Hoc|iPhone.ActiveCfg = Ad-Hoc|iPhone
		{8BA52CB0-CE28-4F40-AFC9-A3709E5E1B74}.Ad-Hoc|iPhone.Build.0 = Ad-Hoc|iPhone
		{8BA52CB0-CE28-4F40-AFC9-A3709E5E1B74}.Ad-Hoc|iPhone.Deploy.0 = Ad-Hoc|iPhone
		{8BA52CB0-CE28-4F40-AFC9-A3709E5E1B74}.Ad-Hoc|iPhoneSimulator.ActiveCfg = Ad-Hoc|iPhoneSimulator
		{8BA52CB0-CE28-4F40-AFC9-A3709E5E1B74}.Ad-Hoc|iPhoneSimulator.Build.0 = Ad-Hoc|iPhoneSimulator
		{8BA52CB0-CE28-4F40-AFC9-A3709E5E1B74}.Ad-Hoc|iPhoneSimulator.Deploy.0 = Ad-Hoc|iPhoneSimulator
		{8BA52CB0-CE28-4F40-AFC9-A3709E5E1B74}.AppStore|Any CPU.ActiveCfg = AppStore|iPhone
		{8BA52CB0-CE28-4F40-AFC9-A3709E5E1B74}.AppStore|Any CPU.Build.0 = AppStore|iPhone
		{8BA52CB0-CE28-4F40-AFC9-A3709E5E1B74}.AppStore|Any CPU.Deploy.0 = AppStore|iPhone
		{8BA52CB0-CE28-4F40-AFC9-A3709E5E1B74}.AppStore|iPhone.ActiveCfg = AppStore|iPhone
		{8BA52CB0-CE28-4F40-AFC9-A3709E5E1B74}.AppStore|iPhone.Build.0 = AppStore|iPhone
		{8BA52CB0-CE28-4F40-AFC9-A3709E5E1B74}.AppStore|iPhone.Deploy.0 = AppStore|iPhone
		{8BA52CB0-CE28-4F40-AFC9-A3709E5E1B74}.AppStore|iPhoneSimulator.ActiveCfg = AppStore|iPhoneSimulator
		{8BA52CB0-CE28-4F40-AFC9-A3709E5E1B74}.AppStore|iPhoneSimulator.Build.0 = AppStore|iPhoneSimulator
		{8BA52CB0-CE28-4F40-AFC9-A3709E5E1B74}.AppStore|iPhoneSimulator.Deploy.0 = AppStore|iPhoneSimulator
		{8BA52CB0-CE28-4F40-AFC9-A3709E5E1B74}.Debug|Any CPU.ActiveCfg = Debug|iPhoneSimulator
		{8BA52CB0-CE28-4F40-AFC9-A3709E5E1B74}.Debug|Any CPU.Build.0 = Debug|iPhoneSimulator
		{8BA52CB0-CE28-4F40-AFC9-A3709E5E1B74}.Debug|Any CPU.Deploy.0 = Debug|iPhoneSimulator
		{8BA52CB0-CE28-4F40-AFC9-A3709E5E1B74}.Debug|iPhone.ActiveCfg = Debug|iPhone
		{8BA52CB0-CE28-4F40-AFC9-A3709E5E1B74}.Debug|iPhone.Build.0 = Debug|iPhone
		{8BA52CB0-CE28-4F40-AFC9-A3709E5E1B74}.Debug|iPhone.Deploy.0 = Debug|iPhone
		{8BA52CB0-CE28-4F40-AFC9-A3709E5E1B74}.Debug|iPhoneSimulator.ActiveCfg = Debug|iPhoneSimulator
		{8BA52CB0-CE28-4F40-AFC9-A3709E5E1B74}.Debug|iPhoneSimulator.Build.0 = Debug|iPhoneSimulator
		{8BA52CB0-CE28-4F40-AFC9-A3709E5E1B74}.Debug|iPhoneSimulator.Deploy.0 = Debug|iPhoneSimulator
		{8BA52CB0-CE28-4F40-AFC9-A3709E5E1B74}.Release|Any CPU.ActiveCfg = Release|iPhone
		{8BA52CB0-CE28-4F40-AFC9-A3709E5E1B74}.Release|Any CPU.Build.0 = Release|iPhone
		{8BA52CB0-CE28-4F40-AFC9-A3709E5E1B74}.Release|Any CPU.Deploy.0 = Release|iPhone
		{8BA52CB0-CE28-4F40-AFC9-A3709E5E1B74}.Release|iPhone.ActiveCfg = Release|iPhone
		{8BA52CB0-CE28-4F40-AFC9-A3709E5E1B74}.Release|iPhone.Build.0 = Release|iPhone
		{8BA52CB0-CE28-4F40-AFC9-A3709E5E1B74}.Release|iPhone.Deploy.0 = Release|iPhone
		{8BA52CB0-CE28-4F40-AFC9-A3709E5E1B74}.Release|iPhoneSimulator.ActiveCfg = Release|iPhoneSimulator
		{8BA52CB0-CE28-4F40-AFC9-A3709E5E1B74}.Release|iPhoneSimulator.Build.0 = Release|iPhoneSimulator
		{8BA52CB0-CE28-4F40-AFC9-A3709E5E1B74}.Release|iPhoneSimulator.Deploy.0 = Release|iPhoneSimulator
		{752590CB-373B-42A2-8483-24E3E01D72BD}.Ad-Hoc|Any CPU.ActiveCfg = Debug|Any CPU
		{752590CB-373B-42A2-8483-24E3E01D72BD}.Ad-Hoc|Any CPU.Build.0 = Debug|Any CPU
		{752590CB-373B-42A2-8483-24E3E01D72BD}.Ad-Hoc|Any CPU.Deploy.0 = Debug|Any CPU
		{752590CB-373B-42A2-8483-24E3E01D72BD}.Ad-Hoc|iPhone.ActiveCfg = Debug|Any CPU
		{752590CB-373B-42A2-8483-24E3E01D72BD}.Ad-Hoc|iPhone.Build.0 = Debug|Any CPU
		{752590CB-373B-42A2-8483-24E3E01D72BD}.Ad-Hoc|iPhone.Deploy.0 = Debug|Any CPU
		{752590CB-373B-42A2-8483-24E3E01D72BD}.Ad-Hoc|iPhoneSimulator.ActiveCfg = Debug|Any CPU
		{752590CB-373B-42A2-8483-24E3E01D72BD}.Ad-Hoc|iPhoneSimulator.Build.0 = Debug|Any CPU
		{752590CB-373B-42A2-8483-24E3E01D72BD}.Ad-Hoc|iPhoneSimulator.Deploy.0 = Debug|Any CPU
		{752590CB-373B-42A2-8483-24E3E01D72BD}.AppStore|Any CPU.ActiveCfg = Debug|Any CPU
		{752590CB-373B-42A2-8483-24E3E01D72BD}.AppStore|Any CPU.Build.0 = Debug|Any CPU
		{752590CB-373B-42A2-8483-24E3E01D72BD}.AppStore|Any CPU.Deploy.0 = Debug|Any CPU
		{752590CB-373B-42A2-8483-24E3E01D72BD}.AppStore|iPhone.ActiveCfg = Debug|Any CPU
		{752590CB-373B-42A2-8483-24E3E01D72BD}.AppStore|iPhone.Build.0 = Debug|Any CPU
		{752590CB-373B-42A2-8483-24E3E01D72BD}.AppStore|iPhone.Deploy.0 = Debug|Any CPU
		{752590CB-373B-42A2-8483-24E3E01D72BD}.AppStore|iPhoneSimulator.ActiveCfg = Debug|Any CPU
		{752590CB-373B-42A2-8483-24E3E01D72BD}.AppStore|iPhoneSimulator.Build.0 = Debug|Any CPU
		{752590CB-373B-42A2-8483-24E3E01D72BD}.AppStore|iPhoneSimulator.Deploy.0 = Debug|Any CPU
		{752590CB-373B-42A2-8483-24E3E01D72BD}.Debug|Any CPU.ActiveCfg = Debug|Any CPU
		{752590CB-373B-42A2-8483-24E3E01D72BD}.Debug|Any CPU.Build.0 = Debug|Any CPU
		{752590CB-373B-42A2-8483-24E3E01D72BD}.Debug|Any CPU.Deploy.0 = Debug|Any CPU
		{752590CB-373B-42A2-8483-24E3E01D72BD}.Debug|iPhone.ActiveCfg = Debug|Any CPU
		{752590CB-373B-42A2-8483-24E3E01D72BD}.Debug|iPhone.Build.0 = Debug|Any CPU
		{752590CB-373B-42A2-8483-24E3E01D72BD}.Debug|iPhone.Deploy.0 = Debug|Any CPU
		{752590CB-373B-42A2-8483-24E3E01D72BD}.Debug|iPhoneSimulator.ActiveCfg = Debug|Any CPU
		{752590CB-373B-42A2-8483-24E3E01D72BD}.Debug|iPhoneSimulator.Build.0 = Debug|Any CPU
		{752590CB-373B-42A2-8483-24E3E01D72BD}.Debug|iPhoneSimulator.Deploy.0 = Debug|Any CPU
		{752590CB-373B-42A2-8483-24E3E01D72BD}.Release|Any CPU.ActiveCfg = Release|Any CPU
		{752590CB-373B-42A2-8483-24E3E01D72BD}.Release|Any CPU.Build.0 = Release|Any CPU
		{752590CB-373B-42A2-8483-24E3E01D72BD}.Release|Any CPU.Deploy.0 = Release|Any CPU
		{752590CB-373B-42A2-8483-24E3E01D72BD}.Release|iPhone.ActiveCfg = Release|Any CPU
		{752590CB-373B-42A2-8483-24E3E01D72BD}.Release|iPhone.Build.0 = Release|Any CPU
		{752590CB-373B-42A2-8483-24E3E01D72BD}.Release|iPhone.Deploy.0 = Release|Any CPU
		{752590CB-373B-42A2-8483-24E3E01D72BD}.Release|iPhoneSimulator.ActiveCfg = Release|Any CPU
		{752590CB-373B-42A2-8483-24E3E01D72BD}.Release|iPhoneSimulator.Build.0 = Release|Any CPU
		{752590CB-373B-42A2-8483-24E3E01D72BD}.Release|iPhoneSimulator.Deploy.0 = Release|Any CPU
	EndGlobalSection
	GlobalSection(SolutionProperties) = preSolution
		HideSolutionNode = FALSE
	EndGlobalSection
	GlobalSection(ExtensibilityGlobals) = postSolution
		SolutionGuid = {C48C89F1-D81D-44E2-8837-9FF89C05AE45}
	EndGlobalSection
EndGlobal
